// !$*UTF8*$!
{
	archiveVersion = 1;
	classes = {
	};
	objectVersion = 56;
	objects = {

/* Begin PBXBuildFile section */
		3801F34E2B39F68100258801 /* LoginViewController.swift in Sources */ = {isa = PBXBuildFile; fileRef = 3801F34D2B39F68100258801 /* LoginViewController.swift */; };
		383BAE182ACDC5C700C55825 /* RecipieInstruction.swift in Sources */ = {isa = PBXBuildFile; fileRef = 383BAE172ACDC5C700C55825 /* RecipieInstruction.swift */; };
		384014F32B20DDBB0087119B /* ProfileViewController.swift in Sources */ = {isa = PBXBuildFile; fileRef = 384014F22B20DDBB0087119B /* ProfileViewController.swift */; };
		384014F52B20DEBB0087119B /* ProfileOverviewCell.swift in Sources */ = {isa = PBXBuildFile; fileRef = 384014F42B20DEBB0087119B /* ProfileOverviewCell.swift */; };
		384014F72B20EC230087119B /* ProfileCell.swift in Sources */ = {isa = PBXBuildFile; fileRef = 384014F62B20EC230087119B /* ProfileCell.swift */; };
		3847C6B72AD18C8C008E5C4F /* ReceipieInstructionViewController.swift in Sources */ = {isa = PBXBuildFile; fileRef = 3847C6B62AD18C8C008E5C4F /* ReceipieInstructionViewController.swift */; };
		3847C6B92AD18ECF008E5C4F /* RecipieInstructionCellTableViewCell.swift in Sources */ = {isa = PBXBuildFile; fileRef = 3847C6B82AD18ECF008E5C4F /* RecipieInstructionCellTableViewCell.swift */; };
		3863A2492ACAF1740065D7F6 /* IB+.swift in Sources */ = {isa = PBXBuildFile; fileRef = 3863A2482ACAF1740065D7F6 /* IB+.swift */; };
		3865D01B2AC31DD700F6FB5D /* Alamofire in Frameworks */ = {isa = PBXBuildFile; productRef = 3865D01A2AC31DD700F6FB5D /* Alamofire */; };
		3865D01D2AC34D1B00F6FB5D /* RecipieInformation.swift in Sources */ = {isa = PBXBuildFile; fileRef = 3865D01C2AC34D1B00F6FB5D /* RecipieInformation.swift */; };
		3866D7B42ABEEBC9006230E3 /* RecepieCell.swift in Sources */ = {isa = PBXBuildFile; fileRef = 3866D7B32ABEEBC9006230E3 /* RecepieCell.swift */; };
		386A2C422AC476120029FC32 /* String+.swift in Sources */ = {isa = PBXBuildFile; fileRef = 386A2C412AC476120029FC32 /* String+.swift */; };
		387D60C22AC1EEBF00B1CC4C /* NetworkLayer.swift in Sources */ = {isa = PBXBuildFile; fileRef = 387D60C12AC1EEBF00B1CC4C /* NetworkLayer.swift */; };
		387D60C52AC1EFBC00B1CC4C /* Recepie.swift in Sources */ = {isa = PBXBuildFile; fileRef = 387D60C42AC1EFBC00B1CC4C /* Recepie.swift */; };
		387D60C82AC1F82700B1CC4C /* Error.swift in Sources */ = {isa = PBXBuildFile; fileRef = 387D60C72AC1F82700B1CC4C /* Error.swift */; };
		3895EBCF2AC807D700DA2472 /* AlamofireImage in Frameworks */ = {isa = PBXBuildFile; productRef = 3895EBCE2AC807D700DA2472 /* AlamofireImage */; };
		38AC57932AC18F6D00BAE29F /* RecepieViewController.swift in Sources */ = {isa = PBXBuildFile; fileRef = 38AC57922AC18F6D00BAE29F /* RecepieViewController.swift */; };
		38B6FE632B53E19900076D5B /* ProfileImageViewTableViewCell.swift in Sources */ = {isa = PBXBuildFile; fileRef = 38B6FE622B53E19900076D5B /* ProfileImageViewTableViewCell.swift */; };
		38BE31C32ABEE80100FBEBDF /* AppDelegate.swift in Sources */ = {isa = PBXBuildFile; fileRef = 38BE31C22ABEE80100FBEBDF /* AppDelegate.swift */; };
		38BE31C52ABEE80100FBEBDF /* SceneDelegate.swift in Sources */ = {isa = PBXBuildFile; fileRef = 38BE31C42ABEE80100FBEBDF /* SceneDelegate.swift */; };
		38BE31C72ABEE80100FBEBDF /* HomeViewController.swift in Sources */ = {isa = PBXBuildFile; fileRef = 38BE31C62ABEE80100FBEBDF /* HomeViewController.swift */; };
		38BE31CA2ABEE80100FBEBDF /* Main.storyboard in Resources */ = {isa = PBXBuildFile; fileRef = 38BE31C82ABEE80100FBEBDF /* Main.storyboard */; };
		38BE31CC2ABEE80200FBEBDF /* Assets.xcassets in Resources */ = {isa = PBXBuildFile; fileRef = 38BE31CB2ABEE80200FBEBDF /* Assets.xcassets */; };
		38BE31CF2ABEE80200FBEBDF /* LaunchScreen.storyboard in Resources */ = {isa = PBXBuildFile; fileRef = 38BE31CD2ABEE80200FBEBDF /* LaunchScreen.storyboard */; };
/* End PBXBuildFile section */

/* Begin PBXFileReference section */
		3801F34D2B39F68100258801 /* LoginViewController.swift */ = {isa = PBXFileReference; lastKnownFileType = sourcecode.swift; path = LoginViewController.swift; sourceTree = "<group>"; };
		383BAE172ACDC5C700C55825 /* RecipieInstruction.swift */ = {isa = PBXFileReference; lastKnownFileType = sourcecode.swift; path = RecipieInstruction.swift; sourceTree = "<group>"; };
		384014F22B20DDBB0087119B /* ProfileViewController.swift */ = {isa = PBXFileReference; lastKnownFileType = sourcecode.swift; path = ProfileViewController.swift; sourceTree = "<group>"; };
		384014F42B20DEBB0087119B /* ProfileOverviewCell.swift */ = {isa = PBXFileReference; lastKnownFileType = sourcecode.swift; path = ProfileOverviewCell.swift; sourceTree = "<group>"; };
		384014F62B20EC230087119B /* ProfileCell.swift */ = {isa = PBXFileReference; lastKnownFileType = sourcecode.swift; path = ProfileCell.swift; sourceTree = "<group>"; };
		3847C6B62AD18C8C008E5C4F /* ReceipieInstructionViewController.swift */ = {isa = PBXFileReference; lastKnownFileType = sourcecode.swift; path = ReceipieInstructionViewController.swift; sourceTree = "<group>"; };
		3847C6B82AD18ECF008E5C4F /* RecipieInstructionCellTableViewCell.swift */ = {isa = PBXFileReference; lastKnownFileType = sourcecode.swift; path = RecipieInstructionCellTableViewCell.swift; sourceTree = "<group>"; };
		3863A2482ACAF1740065D7F6 /* IB+.swift */ = {isa = PBXFileReference; lastKnownFileType = sourcecode.swift; path = "IB+.swift"; sourceTree = "<group>"; };
		3865D01C2AC34D1B00F6FB5D /* RecipieInformation.swift */ = {isa = PBXFileReference; lastKnownFileType = sourcecode.swift; path = RecipieInformation.swift; sourceTree = "<group>"; };
		3866D7B32ABEEBC9006230E3 /* RecepieCell.swift */ = {isa = PBXFileReference; lastKnownFileType = sourcecode.swift; path = RecepieCell.swift; sourceTree = "<group>"; };
		386A2C412AC476120029FC32 /* String+.swift */ = {isa = PBXFileReference; lastKnownFileType = sourcecode.swift; path = "String+.swift"; sourceTree = "<group>"; };
		387D60C12AC1EEBF00B1CC4C /* NetworkLayer.swift */ = {isa = PBXFileReference; lastKnownFileType = sourcecode.swift; path = NetworkLayer.swift; sourceTree = "<group>"; };
		387D60C42AC1EFBC00B1CC4C /* Recepie.swift */ = {isa = PBXFileReference; lastKnownFileType = sourcecode.swift; path = Recepie.swift; sourceTree = "<group>"; };
		387D60C72AC1F82700B1CC4C /* Error.swift */ = {isa = PBXFileReference; lastKnownFileType = sourcecode.swift; path = Error.swift; sourceTree = "<group>"; };
		38AC57922AC18F6D00BAE29F /* RecepieViewController.swift */ = {isa = PBXFileReference; lastKnownFileType = sourcecode.swift; path = RecepieViewController.swift; sourceTree = "<group>"; };
		38B6FE622B53E19900076D5B /* ProfileImageViewTableViewCell.swift */ = {isa = PBXFileReference; lastKnownFileType = sourcecode.swift; path = ProfileImageViewTableViewCell.swift; sourceTree = "<group>"; };
		38BE31BF2ABEE80100FBEBDF /* RecepieApp.app */ = {isa = PBXFileReference; explicitFileType = wrapper.application; includeInIndex = 0; path = RecepieApp.app; sourceTree = BUILT_PRODUCTS_DIR; };
		38BE31C22ABEE80100FBEBDF /* AppDelegate.swift */ = {isa = PBXFileReference; lastKnownFileType = sourcecode.swift; path = AppDelegate.swift; sourceTree = "<group>"; };
		38BE31C42ABEE80100FBEBDF /* SceneDelegate.swift */ = {isa = PBXFileReference; lastKnownFileType = sourcecode.swift; path = SceneDelegate.swift; sourceTree = "<group>"; };
		38BE31C62ABEE80100FBEBDF /* HomeViewController.swift */ = {isa = PBXFileReference; lastKnownFileType = sourcecode.swift; path = HomeViewController.swift; sourceTree = "<group>"; };
		38BE31C92ABEE80100FBEBDF /* Base */ = {isa = PBXFileReference; lastKnownFileType = file.storyboard; name = Base; path = Base.lproj/Main.storyboard; sourceTree = "<group>"; };
		38BE31CB2ABEE80200FBEBDF /* Assets.xcassets */ = {isa = PBXFileReference; lastKnownFileType = folder.assetcatalog; path = Assets.xcassets; sourceTree = "<group>"; };
		38BE31CE2ABEE80200FBEBDF /* Base */ = {isa = PBXFileReference; lastKnownFileType = file.storyboard; name = Base; path = Base.lproj/LaunchScreen.storyboard; sourceTree = "<group>"; };
		38BE31D02ABEE80200FBEBDF /* Info.plist */ = {isa = PBXFileReference; lastKnownFileType = text.plist.xml; path = Info.plist; sourceTree = "<group>"; };
/* End PBXFileReference section */

/* Begin PBXFrameworksBuildPhase section */
		38BE31BC2ABEE80100FBEBDF /* Frameworks */ = {
			isa = PBXFrameworksBuildPhase;
			buildActionMask = 2147483647;
			files = (
				3865D01B2AC31DD700F6FB5D /* Alamofire in Frameworks */,
				3895EBCF2AC807D700DA2472 /* AlamofireImage in Frameworks */,
			);
			runOnlyForDeploymentPostprocessing = 0;
		};
/* End PBXFrameworksBuildPhase section */

/* Begin PBXGroup section */
		3863A24A2ACAF18C0065D7F6 /* Utilis */ = {
			isa = PBXGroup;
			children = (
				386A2C412AC476120029FC32 /* String+.swift */,
				3863A2482ACAF1740065D7F6 /* IB+.swift */,
			);
			path = Utilis;
			sourceTree = "<group>";
		};
		3866D7B52ABEEBCE006230E3 /* Views */ = {
			isa = PBXGroup;
			children = (
				3866D7B32ABEEBC9006230E3 /* RecepieCell.swift */,
				3847C6B82AD18ECF008E5C4F /* RecipieInstructionCellTableViewCell.swift */,
				384014F42B20DEBB0087119B /* ProfileOverviewCell.swift */,
				384014F62B20EC230087119B /* ProfileCell.swift */,
				38B6FE622B53E19900076D5B /* ProfileImageViewTableViewCell.swift */,
			);
			path = Views;
			sourceTree = "<group>";
		};
		3866D7B62ABEEBD9006230E3 /* ViewController */ = {
			isa = PBXGroup;
			children = (
				38BE31C62ABEE80100FBEBDF /* HomeViewController.swift */,
				384014F22B20DDBB0087119B /* ProfileViewController.swift */,
				38AC57922AC18F6D00BAE29F /* RecepieViewController.swift */,
				3847C6B62AD18C8C008E5C4F /* ReceipieInstructionViewController.swift */,
				3801F34D2B39F68100258801 /* LoginViewController.swift */,
			);
			path = ViewController;
			sourceTree = "<group>";
		};
		387D60C32AC1EEC300B1CC4C /* Managers */ = {
			isa = PBXGroup;
			children = (
				387D60C12AC1EEBF00B1CC4C /* NetworkLayer.swift */,
			);
			path = Managers;
			sourceTree = "<group>";
		};
		387D60C62AC1EFC200B1CC4C /* Models */ = {
			isa = PBXGroup;
			children = (
				387D60C72AC1F82700B1CC4C /* Error.swift */,
				387D60C42AC1EFBC00B1CC4C /* Recepie.swift */,
				3865D01C2AC34D1B00F6FB5D /* RecipieInformation.swift */,
				383BAE172ACDC5C700C55825 /* RecipieInstruction.swift */,
			);
			path = Models;
			sourceTree = "<group>";
		};
		38BE31B62ABEE80100FBEBDF = {
			isa = PBXGroup;
			children = (
				38BE31C12ABEE80100FBEBDF /* RecepieApp */,
				38BE31C02ABEE80100FBEBDF /* Products */,
			);
			sourceTree = "<group>";
		};
		38BE31C02ABEE80100FBEBDF /* Products */ = {
			isa = PBXGroup;
			children = (
				38BE31BF2ABEE80100FBEBDF /* RecepieApp.app */,
			);
			name = Products;
			sourceTree = "<group>";
		};
		38BE31C12ABEE80100FBEBDF /* RecepieApp */ = {
			isa = PBXGroup;
			children = (
				38BE31C22ABEE80100FBEBDF /* AppDelegate.swift */,
				38BE31C42ABEE80100FBEBDF /* SceneDelegate.swift */,
				3866D7B62ABEEBD9006230E3 /* ViewController */,
				38BE31C82ABEE80100FBEBDF /* Main.storyboard */,
				38BE31CB2ABEE80200FBEBDF /* Assets.xcassets */,
				38BE31CD2ABEE80200FBEBDF /* LaunchScreen.storyboard */,
				38BE31D02ABEE80200FBEBDF /* Info.plist */,
				3866D7B52ABEEBCE006230E3 /* Views */,
				387D60C32AC1EEC300B1CC4C /* Managers */,
				387D60C62AC1EFC200B1CC4C /* Models */,
				3863A24A2ACAF18C0065D7F6 /* Utilis */,
			);
			path = RecepieApp;
			sourceTree = "<group>";
		};
/* End PBXGroup section */

/* Begin PBXNativeTarget section */
		38BE31BE2ABEE80100FBEBDF /* RecepieApp */ = {
			isa = PBXNativeTarget;
			buildConfigurationList = 38BE31D32ABEE80200FBEBDF /* Build configuration list for PBXNativeTarget "RecepieApp" */;
			buildPhases = (
				38BE31BB2ABEE80100FBEBDF /* Sources */,
				38BE31BC2ABEE80100FBEBDF /* Frameworks */,
				38BE31BD2ABEE80100FBEBDF /* Resources */,
			);
			buildRules = (
			);
			dependencies = (
			);
			name = RecepieApp;
			packageProductDependencies = (
				3865D01A2AC31DD700F6FB5D /* Alamofire */,
				3895EBCE2AC807D700DA2472 /* AlamofireImage */,
			);
			productName = RecepieApp;
			productReference = 38BE31BF2ABEE80100FBEBDF /* RecepieApp.app */;
			productType = "com.apple.product-type.application";
		};
/* End PBXNativeTarget section */

/* Begin PBXProject section */
		38BE31B72ABEE80100FBEBDF /* Project object */ = {
			isa = PBXProject;
			attributes = {
				BuildIndependentTargetsInParallel = 1;
				LastSwiftUpdateCheck = 1420;
				LastUpgradeCheck = 1420;
				TargetAttributes = {
					38BE31BE2ABEE80100FBEBDF = {
						CreatedOnToolsVersion = 14.2;
					};
				};
			};
			buildConfigurationList = 38BE31BA2ABEE80100FBEBDF /* Build configuration list for PBXProject "RecepieApp" */;
			compatibilityVersion = "Xcode 14.0";
			developmentRegion = en;
			hasScannedForEncodings = 0;
			knownRegions = (
				en,
				Base,
			);
			mainGroup = 38BE31B62ABEE80100FBEBDF;
			packageReferences = (
				3865D0192AC31DD700F6FB5D /* XCRemoteSwiftPackageReference "Alamofire" */,
				3895EBCD2AC807D700DA2472 /* XCRemoteSwiftPackageReference "AlamofireImage" */,
			);
			productRefGroup = 38BE31C02ABEE80100FBEBDF /* Products */;
			projectDirPath = "";
			projectRoot = "";
			targets = (
				38BE31BE2ABEE80100FBEBDF /* RecepieApp */,
			);
		};
/* End PBXProject section */

/* Begin PBXResourcesBuildPhase section */
		38BE31BD2ABEE80100FBEBDF /* Resources */ = {
			isa = PBXResourcesBuildPhase;
			buildActionMask = 2147483647;
			files = (
				38BE31CF2ABEE80200FBEBDF /* LaunchScreen.storyboard in Resources */,
				38BE31CC2ABEE80200FBEBDF /* Assets.xcassets in Resources */,
				38BE31CA2ABEE80100FBEBDF /* Main.storyboard in Resources */,
			);
			runOnlyForDeploymentPostprocessing = 0;
		};
/* End PBXResourcesBuildPhase section */

/* Begin PBXSourcesBuildPhase section */
		38BE31BB2ABEE80100FBEBDF /* Sources */ = {
			isa = PBXSourcesBuildPhase;
			buildActionMask = 2147483647;
			files = (
				3801F34E2B39F68100258801 /* LoginViewController.swift in Sources */,
				384014F72B20EC230087119B /* ProfileCell.swift in Sources */,
				387D60C82AC1F82700B1CC4C /* Error.swift in Sources */,
				387D60C22AC1EEBF00B1CC4C /* NetworkLayer.swift in Sources */,
				387D60C52AC1EFBC00B1CC4C /* Recepie.swift in Sources */,
				38B6FE632B53E19900076D5B /* ProfileImageViewTableViewCell.swift in Sources */,
				3847C6B72AD18C8C008E5C4F /* ReceipieInstructionViewController.swift in Sources */,
				3865D01D2AC34D1B00F6FB5D /* RecipieInformation.swift in Sources */,
				38AC57932AC18F6D00BAE29F /* RecepieViewController.swift in Sources */,
				386A2C422AC476120029FC32 /* String+.swift in Sources */,
				38BE31C72ABEE80100FBEBDF /* HomeViewController.swift in Sources */,
				3847C6B92AD18ECF008E5C4F /* RecipieInstructionCellTableViewCell.swift in Sources */,
				3863A2492ACAF1740065D7F6 /* IB+.swift in Sources */,
				3866D7B42ABEEBC9006230E3 /* RecepieCell.swift in Sources */,
				38BE31C32ABEE80100FBEBDF /* AppDelegate.swift in Sources */,
				384014F52B20DEBB0087119B /* ProfileOverviewCell.swift in Sources */,
				384014F32B20DDBB0087119B /* ProfileViewController.swift in Sources */,
				383BAE182ACDC5C700C55825 /* RecipieInstruction.swift in Sources */,
				38BE31C52ABEE80100FBEBDF /* SceneDelegate.swift in Sources */,
			);
			runOnlyForDeploymentPostprocessing = 0;
		};
/* End PBXSourcesBuildPhase section */

/* Begin PBXVariantGroup section */
		38BE31C82ABEE80100FBEBDF /* Main.storyboard */ = {
			isa = PBXVariantGroup;
			children = (
				38BE31C92ABEE80100FBEBDF /* Base */,
			);
			name = Main.storyboard;
			sourceTree = "<group>";
		};
		38BE31CD2ABEE80200FBEBDF /* LaunchScreen.storyboard */ = {
			isa = PBXVariantGroup;
			children = (
				38BE31CE2ABEE80200FBEBDF /* Base */,
			);
			name = LaunchScreen.storyboard;
			sourceTree = "<group>";
		};
/* End PBXVariantGroup section */

/* Begin XCBuildConfiguration section */
		38BE31D12ABEE80200FBEBDF /* Debug */ = {
			isa = XCBuildConfiguration;
			buildSettings = {
				ALWAYS_SEARCH_USER_PATHS = NO;
				CLANG_ANALYZER_NONNULL = YES;
				CLANG_ANALYZER_NUMBER_OBJECT_CONVERSION = YES_AGGRESSIVE;
				CLANG_CXX_LANGUAGE_STANDARD = "gnu++20";
				CLANG_ENABLE_MODULES = YES;
				CLANG_ENABLE_OBJC_ARC = YES;
				CLANG_ENABLE_OBJC_WEAK = YES;
				CLANG_WARN_BLOCK_CAPTURE_AUTORELEASING = YES;
				CLANG_WARN_BOOL_CONVERSION = YES;
				CLANG_WARN_COMMA = YES;
				CLANG_WARN_CONSTANT_CONVERSION = YES;
				CLANG_WARN_DEPRECATED_OBJC_IMPLEMENTATIONS = YES;
				CLANG_WARN_DIRECT_OBJC_ISA_USAGE = YES_ERROR;
				CLANG_WARN_DOCUMENTATION_COMMENTS = YES;
				CLANG_WARN_EMPTY_BODY = YES;
				CLANG_WARN_ENUM_CONVERSION = YES;
				CLANG_WARN_INFINITE_RECURSION = YES;
				CLANG_WARN_INT_CONVERSION = YES;
				CLANG_WARN_NON_LITERAL_NULL_CONVERSION = YES;
				CLANG_WARN_OBJC_IMPLICIT_RETAIN_SELF = YES;
				CLANG_WARN_OBJC_LITERAL_CONVERSION = YES;
				CLANG_WARN_OBJC_ROOT_CLASS = YES_ERROR;
				CLANG_WARN_QUOTED_INCLUDE_IN_FRAMEWORK_HEADER = YES;
				CLANG_WARN_RANGE_LOOP_ANALYSIS = YES;
				CLANG_WARN_STRICT_PROTOTYPES = YES;
				CLANG_WARN_SUSPICIOUS_MOVE = YES;
				CLANG_WARN_UNGUARDED_AVAILABILITY = YES_AGGRESSIVE;
				CLANG_WARN_UNREACHABLE_CODE = YES;
				CLANG_WARN__DUPLICATE_METHOD_MATCH = YES;
				COPY_PHASE_STRIP = NO;
				DEBUG_INFORMATION_FORMAT = dwarf;
				ENABLE_STRICT_OBJC_MSGSEND = YES;
				ENABLE_TESTABILITY = YES;
				GCC_C_LANGUAGE_STANDARD = gnu11;
				GCC_DYNAMIC_NO_PIC = NO;
				GCC_NO_COMMON_BLOCKS = YES;
				GCC_OPTIMIZATION_LEVEL = 0;
				GCC_PREPROCESSOR_DEFINITIONS = (
					"DEBUG=1",
					"$(inherited)",
				);
				GCC_WARN_64_TO_32_BIT_CONVERSION = YES;
				GCC_WARN_ABOUT_RETURN_TYPE = YES_ERROR;
				GCC_WARN_UNDECLARED_SELECTOR = YES;
				GCC_WARN_UNINITIALIZED_AUTOS = YES_AGGRESSIVE;
				GCC_WARN_UNUSED_FUNCTION = YES;
				GCC_WARN_UNUSED_VARIABLE = YES;
				IPHONEOS_DEPLOYMENT_TARGET = 16.2;
				MTL_ENABLE_DEBUG_INFO = INCLUDE_SOURCE;
				MTL_FAST_MATH = YES;
				ONLY_ACTIVE_ARCH = YES;
				SDKROOT = iphoneos;
				SWIFT_ACTIVE_COMPILATION_CONDITIONS = DEBUG;
				SWIFT_OPTIMIZATION_LEVEL = "-Onone";
			};
			name = Debug;
		};
		38BE31D22ABEE80200FBEBDF /* Release */ = {
			isa = XCBuildConfiguration;
			buildSettings = {
				ALWAYS_SEARCH_USER_PATHS = NO;
				CLANG_ANALYZER_NONNULL = YES;
				CLANG_ANALYZER_NUMBER_OBJECT_CONVERSION = YES_AGGRESSIVE;
				CLANG_CXX_LANGUAGE_STANDARD = "gnu++20";
				CLANG_ENABLE_MODULES = YES;
				CLANG_ENABLE_OBJC_ARC = YES;
				CLANG_ENABLE_OBJC_WEAK = YES;
				CLANG_WARN_BLOCK_CAPTURE_AUTORELEASING = YES;
				CLANG_WARN_BOOL_CONVERSION = YES;
				CLANG_WARN_COMMA = YES;
				CLANG_WARN_CONSTANT_CONVERSION = YES;
				CLANG_WARN_DEPRECATED_OBJC_IMPLEMENTATIONS = YES;
				CLANG_WARN_DIRECT_OBJC_ISA_USAGE = YES_ERROR;
				CLANG_WARN_DOCUMENTATION_COMMENTS = YES;
				CLANG_WARN_EMPTY_BODY = YES;
				CLANG_WARN_ENUM_CONVERSION = YES;
				CLANG_WARN_INFINITE_RECURSION = YES;
				CLANG_WARN_INT_CONVERSION = YES;
				CLANG_WARN_NON_LITERAL_NULL_CONVERSION = YES;
				CLANG_WARN_OBJC_IMPLICIT_RETAIN_SELF = YES;
				CLANG_WARN_OBJC_LITERAL_CONVERSION = YES;
				CLANG_WARN_OBJC_ROOT_CLASS = YES_ERROR;
				CLANG_WARN_QUOTED_INCLUDE_IN_FRAMEWORK_HEADER = YES;
				CLANG_WARN_RANGE_LOOP_ANALYSIS = YES;
				CLANG_WARN_STRICT_PROTOTYPES = YES;
				CLANG_WARN_SUSPICIOUS_MOVE = YES;
				CLANG_WARN_UNGUARDED_AVAILABILITY = YES_AGGRESSIVE;
				CLANG_WARN_UNREACHABLE_CODE = YES;
				CLANG_WARN__DUPLICATE_METHOD_MATCH = YES;
				COPY_PHASE_STRIP = NO;
				DEBUG_INFORMATION_FORMAT = "dwarf-with-dsym";
				ENABLE_NS_ASSERTIONS = NO;
				ENABLE_STRICT_OBJC_MSGSEND = YES;
				GCC_C_LANGUAGE_STANDARD = gnu11;
				GCC_NO_COMMON_BLOCKS = YES;
				GCC_WARN_64_TO_32_BIT_CONVERSION = YES;
				GCC_WARN_ABOUT_RETURN_TYPE = YES_ERROR;
				GCC_WARN_UNDECLARED_SELECTOR = YES;
				GCC_WARN_UNINITIALIZED_AUTOS = YES_AGGRESSIVE;
				GCC_WARN_UNUSED_FUNCTION = YES;
				GCC_WARN_UNUSED_VARIABLE = YES;
				IPHONEOS_DEPLOYMENT_TARGET = 16.2;
				MTL_ENABLE_DEBUG_INFO = NO;
				MTL_FAST_MATH = YES;
				SDKROOT = iphoneos;
				SWIFT_COMPILATION_MODE = wholemodule;
				SWIFT_OPTIMIZATION_LEVEL = "-O";
				VALIDATE_PRODUCT = YES;
			};
			name = Release;
		};
		38BE31D42ABEE80200FBEBDF /* Debug */ = {
			isa = XCBuildConfiguration;
			buildSettings = {
				ASSETCATALOG_COMPILER_APPICON_NAME = AppIcon;
				ASSETCATALOG_COMPILER_GLOBAL_ACCENT_COLOR_NAME = AccentColor;
				CODE_SIGN_STYLE = Automatic;
				CURRENT_PROJECT_VERSION = 1;
				DEVELOPMENT_TEAM = 3C94VCLA9D;
				GENERATE_INFOPLIST_FILE = YES;
				INFOPLIST_FILE = RecepieApp/Info.plist;
				INFOPLIST_KEY_UIApplicationSupportsIndirectInputEvents = YES;
				INFOPLIST_KEY_UILaunchStoryboardName = LaunchScreen;
				INFOPLIST_KEY_UIMainStoryboardFile = Main;
				INFOPLIST_KEY_UISupportedInterfaceOrientations_iPad = "UIInterfaceOrientationPortrait UIInterfaceOrientationPortraitUpsideDown UIInterfaceOrientationLandscapeLeft UIInterfaceOrientationLandscapeRight";
				INFOPLIST_KEY_UISupportedInterfaceOrientations_iPhone = "UIInterfaceOrientationPortrait UIInterfaceOrientationLandscapeLeft UIInterfaceOrientationLandscapeRight";
				LD_RUNPATH_SEARCH_PATHS = (
					"$(inherited)",
					"@executable_path/Frameworks",
				);
				MARKETING_VERSION = 1.0;
				PRODUCT_BUNDLE_IDENTIFIER = in.hiteshsuthar.RecepieApp;
				PRODUCT_NAME = "$(TARGET_NAME)";
				SWIFT_EMIT_LOC_STRINGS = YES;
				SWIFT_VERSION = 5.0;
				TARGETED_DEVICE_FAMILY = "1,2";
			};
			name = Debug;
		};
		38BE31D52ABEE80200FBEBDF /* Release */ = {
			isa = XCBuildConfiguration;
			buildSettings = {
				ASSETCATALOG_COMPILER_APPICON_NAME = AppIcon;
				ASSETCATALOG_COMPILER_GLOBAL_ACCENT_COLOR_NAME = AccentColor;
				CODE_SIGN_STYLE = Automatic;
				CURRENT_PROJECT_VERSION = 1;
				DEVELOPMENT_TEAM = 3C94VCLA9D;
				GENERATE_INFOPLIST_FILE = YES;
				INFOPLIST_FILE = RecepieApp/Info.plist;
				INFOPLIST_KEY_UIApplicationSupportsIndirectInputEvents = YES;
				INFOPLIST_KEY_UILaunchStoryboardName = LaunchScreen;
				INFOPLIST_KEY_UIMainStoryboardFile = Main;
				INFOPLIST_KEY_UISupportedInterfaceOrientations_iPad = "UIInterfaceOrientationPortrait UIInterfaceOrientationPortraitUpsideDown UIInterfaceOrientationLandscapeLeft UIInterfaceOrientationLandscapeRight";
				INFOPLIST_KEY_UISupportedInterfaceOrientations_iPhone = "UIInterfaceOrientationPortrait UIInterfaceOrientationLandscapeLeft UIInterfaceOrientationLandscapeRight";
				LD_RUNPATH_SEARCH_PATHS = (
					"$(inherited)",
					"@executable_path/Frameworks",
				);
				MARKETING_VERSION = 1.0;
				PRODUCT_BUNDLE_IDENTIFIER = in.hiteshsuthar.RecepieApp;
				PRODUCT_NAME = "$(TARGET_NAME)";
				SWIFT_EMIT_LOC_STRINGS = YES;
				SWIFT_VERSION = 5.0;
				TARGETED_DEVICE_FAMILY = "1,2";
			};
			name = Release;
		};
/* End XCBuildConfiguration section */

/* Begin XCConfigurationList section */
		38BE31BA2ABEE80100FBEBDF /* Build configuration list for PBXProject "RecepieApp" */ = {
			isa = XCConfigurationList;
			buildConfigurations = (
				38BE31D12ABEE80200FBEBDF /* Debug */,
				38BE31D22ABEE80200FBEBDF /* Release */,
			);
			defaultConfigurationIsVisible = 0;
			defaultConfigurationName = Release;
		};
		38BE31D32ABEE80200FBEBDF /* Build configuration list for PBXNativeTarget "RecepieApp" */ = {
			isa = XCConfigurationList;
			buildConfigurations = (
				38BE31D42ABEE80200FBEBDF /* Debug */,
				38BE31D52ABEE80200FBEBDF /* Release */,
			);
			defaultConfigurationIsVisible = 0;
			defaultConfigurationName = Release;
		};
/* End XCConfigurationList section */

/* Begin XCRemoteSwiftPackageReference section */
		3865D0192AC31DD700F6FB5D /* XCRemoteSwiftPackageReference "Alamofire" */ = {
			isa = XCRemoteSwiftPackageReference;
			repositoryURL = "https://github.com/Alamofire/Alamofire";
			requirement = {
				kind = upToNextMajorVersion;
				minimumVersion = 5.0.0;
			};
		};
		3895EBCD2AC807D700DA2472 /* XCRemoteSwiftPackageReference "AlamofireImage" */ = {
			isa = XCRemoteSwiftPackageReference;
			repositoryURL = "https://github.com/Alamofire/AlamofireImage";
			requirement = {
				kind = upToNextMajorVersion;
				minimumVersion = 4.0.0;
			};
		};
/* End XCRemoteSwiftPackageReference section */

/* Begin XCSwiftPackageProductDependency section */
		3865D01A2AC31DD700F6FB5D /* Alamofire */ = {
			isa = XCSwiftPackageProductDependency;
			package = 3865D0192AC31DD700F6FB5D /* XCRemoteSwiftPackageReference "Alamofire" */;
			productName = Alamofire;
		};
		3895EBCE2AC807D700DA2472 /* AlamofireImage */ = {
			isa = XCSwiftPackageProductDependency;
			package = 3895EBCD2AC807D700DA2472 /* XCRemoteSwiftPackageReference "AlamofireImage" */;
			productName = AlamofireImage;
		};
/* End XCSwiftPackageProductDependency section */
	};
	rootObject = 38BE31B72ABEE80100FBEBDF /* Project object */;
}
